PODS:
  - WillowTreeOuroboros (0.1.0)

DEPENDENCIES:
  - WillowTreeOuroboros (from `../`)

EXTERNAL SOURCES:
  WillowTreeOuroboros:
    :path: "../"

SPEC CHECKSUMS:
  WillowTreeOuroboros: 12f1b059137294713a6454ff6e6a3ad5b8fc9e65

PODFILE CHECKSUM: 0f9f04619554987c185f54594b9f6d10544c4a6d

COCOAPODS: 1.1.1
