PODS:
  - WillowTreeOuroboros (0.1.0)

DEPENDENCIES:
  - WillowTreeOuroboros (from `..`)

EXTERNAL SOURCES:
  WillowTreeOuroboros:
    :path: ".."

SPEC CHECKSUMS:
  WillowTreeOuroboros: 12f1b059137294713a6454ff6e6a3ad5b8fc9e65

PODFILE CHECKSUM: a42dc192f7a63ea6062b354e19a1f341d58f29e5

COCOAPODS: 1.2.0
