PODS:
  - WillowTreeOuroboros (0.2.1)

DEPENDENCIES:
  - WillowTreeOuroboros (from `..`)

EXTERNAL SOURCES:
  WillowTreeOuroboros:
    :path: ".."

SPEC CHECKSUMS:
  WillowTreeOuroboros: 81645e8153220dc1e4a7d4c06ebd23177c110111

PODFILE CHECKSUM: a42dc192f7a63ea6062b354e19a1f341d58f29e5

COCOAPODS: 1.5.3
