// !$*UTF8*$!
{
	archiveVersion = 1;
	classes = {
	};
	objectVersion = 46;
	objects = {

/* Begin PBXBuildFile section */
		6898D8AA014A72881A5DB63F /* Pods_OuroborosExample.framework in Frameworks */ = {isa = PBXBuildFile; fileRef = 80174D3F6E1919B6C93B0641 /* Pods_OuroborosExample.framework */; };
		D95765261BE3B75D0063A6A1 /* SampleCell.xib in Resources */ = {isa = PBXBuildFile; fileRef = D95765241BE3B75D0063A6A1 /* SampleCell.xib */; };
		D95AA2541BDA88E90080C25B /* AppDelegate.swift in Sources */ = {isa = PBXBuildFile; fileRef = D95AA2531BDA88E90080C25B /* AppDelegate.swift */; };
		D95AA2561BDA88E90080C25B /* ViewController.swift in Sources */ = {isa = PBXBuildFile; fileRef = D95AA2551BDA88E90080C25B /* ViewController.swift */; };
		D95AA2591BDA88E90080C25B /* Main.storyboard in Resources */ = {isa = PBXBuildFile; fileRef = D95AA2571BDA88E90080C25B /* Main.storyboard */; };
		D95AA25B1BDA88EA0080C25B /* Assets.xcassets in Resources */ = {isa = PBXBuildFile; fileRef = D95AA25A1BDA88EA0080C25B /* Assets.xcassets */; };
		D96197681BDAAE59006650E4 /* NatGeo01.jpg in Resources */ = {isa = PBXBuildFile; fileRef = D96197571BDAAE59006650E4 /* NatGeo01.jpg */; };
		D96197691BDAAE59006650E4 /* NatGeo02.jpg in Resources */ = {isa = PBXBuildFile; fileRef = D96197581BDAAE59006650E4 /* NatGeo02.jpg */; };
		D961976A1BDAAE59006650E4 /* NatGeo03.jpg in Resources */ = {isa = PBXBuildFile; fileRef = D96197591BDAAE59006650E4 /* NatGeo03.jpg */; };
		D961976B1BDAAE59006650E4 /* NatGeo04.jpg in Resources */ = {isa = PBXBuildFile; fileRef = D961975A1BDAAE59006650E4 /* NatGeo04.jpg */; };
		D961976C1BDAAE59006650E4 /* NatGeo05.jpg in Resources */ = {isa = PBXBuildFile; fileRef = D961975B1BDAAE59006650E4 /* NatGeo05.jpg */; };
		D961976D1BDAAE59006650E4 /* NatGeo06.jpg in Resources */ = {isa = PBXBuildFile; fileRef = D961975C1BDAAE59006650E4 /* NatGeo06.jpg */; };
		D961976E1BDAAE59006650E4 /* NatGeo07.jpg in Resources */ = {isa = PBXBuildFile; fileRef = D961975D1BDAAE59006650E4 /* NatGeo07.jpg */; };
		D961976F1BDAAE59006650E4 /* NatGeo08.jpg in Resources */ = {isa = PBXBuildFile; fileRef = D961975E1BDAAE59006650E4 /* NatGeo08.jpg */; };
		D96197701BDAAE59006650E4 /* NatGeo09.jpg in Resources */ = {isa = PBXBuildFile; fileRef = D961975F1BDAAE59006650E4 /* NatGeo09.jpg */; };
		D96197711BDAAE59006650E4 /* NatGeo10.jpg in Resources */ = {isa = PBXBuildFile; fileRef = D96197601BDAAE59006650E4 /* NatGeo10.jpg */; };
		D96197721BDAAE59006650E4 /* NatGeo11.jpg in Resources */ = {isa = PBXBuildFile; fileRef = D96197611BDAAE59006650E4 /* NatGeo11.jpg */; };
		D96197731BDAAE59006650E4 /* NatGeo12.jpg in Resources */ = {isa = PBXBuildFile; fileRef = D96197621BDAAE59006650E4 /* NatGeo12.jpg */; };
		D96197741BDAAE59006650E4 /* NatGeo13.jpg in Resources */ = {isa = PBXBuildFile; fileRef = D96197631BDAAE59006650E4 /* NatGeo13.jpg */; };
		D96197751BDAAE59006650E4 /* NatGeo14.jpg in Resources */ = {isa = PBXBuildFile; fileRef = D96197641BDAAE59006650E4 /* NatGeo14.jpg */; };
		D96197761BDAAE59006650E4 /* NatGeo15.jpg in Resources */ = {isa = PBXBuildFile; fileRef = D96197651BDAAE59006650E4 /* NatGeo15.jpg */; };
		D96197771BDAAE59006650E4 /* NatGeo16.jpg in Resources */ = {isa = PBXBuildFile; fileRef = D96197661BDAAE59006650E4 /* NatGeo16.jpg */; };
		D96197781BDAAE59006650E4 /* NatGeo17.jpg in Resources */ = {isa = PBXBuildFile; fileRef = D96197671BDAAE59006650E4 /* NatGeo17.jpg */; };
/* End PBXBuildFile section */

/* Begin PBXFileReference section */
		37EBDA81C7A629D4680F6BBE /* Pods-OuroborosExample.debug.xcconfig */ = {isa = PBXFileReference; includeInIndex = 1; lastKnownFileType = text.xcconfig; name = "Pods-OuroborosExample.debug.xcconfig"; path = "Pods/Target Support Files/Pods-OuroborosExample/Pods-OuroborosExample.debug.xcconfig"; sourceTree = "<group>"; };
		4CFFC46490C38B34852267AD /* Pods.framework */ = {isa = PBXFileReference; explicitFileType = wrapper.framework; includeInIndex = 0; path = Pods.framework; sourceTree = BUILT_PRODUCTS_DIR; };
		80174D3F6E1919B6C93B0641 /* Pods_OuroborosExample.framework */ = {isa = PBXFileReference; explicitFileType = wrapper.framework; includeInIndex = 0; path = Pods_OuroborosExample.framework; sourceTree = BUILT_PRODUCTS_DIR; };
		8B57792C24EE4908C5678647 /* Pods-OuroborosExample.release.xcconfig */ = {isa = PBXFileReference; includeInIndex = 1; lastKnownFileType = text.xcconfig; name = "Pods-OuroborosExample.release.xcconfig"; path = "Pods/Target Support Files/Pods-OuroborosExample/Pods-OuroborosExample.release.xcconfig"; sourceTree = "<group>"; };
		D95765251BE3B75D0063A6A1 /* Base */ = {isa = PBXFileReference; lastKnownFileType = file.xib; name = Base; path = Base.lproj/SampleCell.xib; sourceTree = "<group>"; };
		D95AA2501BDA88E90080C25B /* OuroborosExample.app */ = {isa = PBXFileReference; explicitFileType = wrapper.application; includeInIndex = 0; path = OuroborosExample.app; sourceTree = BUILT_PRODUCTS_DIR; };
		D95AA2531BDA88E90080C25B /* AppDelegate.swift */ = {isa = PBXFileReference; lastKnownFileType = sourcecode.swift; path = AppDelegate.swift; sourceTree = "<group>"; };
		D95AA2551BDA88E90080C25B /* ViewController.swift */ = {isa = PBXFileReference; lastKnownFileType = sourcecode.swift; path = ViewController.swift; sourceTree = "<group>"; };
		D95AA2581BDA88E90080C25B /* Base */ = {isa = PBXFileReference; lastKnownFileType = file.storyboard; name = Base; path = Base.lproj/Main.storyboard; sourceTree = "<group>"; };
		D95AA25A1BDA88EA0080C25B /* Assets.xcassets */ = {isa = PBXFileReference; lastKnownFileType = folder.assetcatalog; path = Assets.xcassets; sourceTree = "<group>"; };
		D95AA25C1BDA88EA0080C25B /* Info.plist */ = {isa = PBXFileReference; lastKnownFileType = text.plist.xml; path = Info.plist; sourceTree = "<group>"; };
		D96197571BDAAE59006650E4 /* NatGeo01.jpg */ = {isa = PBXFileReference; lastKnownFileType = image.jpeg; path = NatGeo01.jpg; sourceTree = "<group>"; };
		D96197581BDAAE59006650E4 /* NatGeo02.jpg */ = {isa = PBXFileReference; lastKnownFileType = image.jpeg; path = NatGeo02.jpg; sourceTree = "<group>"; };
		D96197591BDAAE59006650E4 /* NatGeo03.jpg */ = {isa = PBXFileReference; lastKnownFileType = image.jpeg; path = NatGeo03.jpg; sourceTree = "<group>"; };
		D961975A1BDAAE59006650E4 /* NatGeo04.jpg */ = {isa = PBXFileReference; lastKnownFileType = image.jpeg; path = NatGeo04.jpg; sourceTree = "<group>"; };
		D961975B1BDAAE59006650E4 /* NatGeo05.jpg */ = {isa = PBXFileReference; lastKnownFileType = image.jpeg; path = NatGeo05.jpg; sourceTree = "<group>"; };
		D961975C1BDAAE59006650E4 /* NatGeo06.jpg */ = {isa = PBXFileReference; lastKnownFileType = image.jpeg; path = NatGeo06.jpg; sourceTree = "<group>"; };
		D961975D1BDAAE59006650E4 /* NatGeo07.jpg */ = {isa = PBXFileReference; lastKnownFileType = image.jpeg; path = NatGeo07.jpg; sourceTree = "<group>"; };
		D961975E1BDAAE59006650E4 /* NatGeo08.jpg */ = {isa = PBXFileReference; lastKnownFileType = image.jpeg; path = NatGeo08.jpg; sourceTree = "<group>"; };
		D961975F1BDAAE59006650E4 /* NatGeo09.jpg */ = {isa = PBXFileReference; lastKnownFileType = image.jpeg; path = NatGeo09.jpg; sourceTree = "<group>"; };
		D96197601BDAAE59006650E4 /* NatGeo10.jpg */ = {isa = PBXFileReference; lastKnownFileType = image.jpeg; path = NatGeo10.jpg; sourceTree = "<group>"; };
		D96197611BDAAE59006650E4 /* NatGeo11.jpg */ = {isa = PBXFileReference; lastKnownFileType = image.jpeg; path = NatGeo11.jpg; sourceTree = "<group>"; };
		D96197621BDAAE59006650E4 /* NatGeo12.jpg */ = {isa = PBXFileReference; lastKnownFileType = image.jpeg; path = NatGeo12.jpg; sourceTree = "<group>"; };
		D96197631BDAAE59006650E4 /* NatGeo13.jpg */ = {isa = PBXFileReference; lastKnownFileType = image.jpeg; path = NatGeo13.jpg; sourceTree = "<group>"; };
		D96197641BDAAE59006650E4 /* NatGeo14.jpg */ = {isa = PBXFileReference; lastKnownFileType = image.jpeg; path = NatGeo14.jpg; sourceTree = "<group>"; };
		D96197651BDAAE59006650E4 /* NatGeo15.jpg */ = {isa = PBXFileReference; lastKnownFileType = image.jpeg; path = NatGeo15.jpg; sourceTree = "<group>"; };
		D96197661BDAAE59006650E4 /* NatGeo16.jpg */ = {isa = PBXFileReference; lastKnownFileType = image.jpeg; path = NatGeo16.jpg; sourceTree = "<group>"; };
		D96197671BDAAE59006650E4 /* NatGeo17.jpg */ = {isa = PBXFileReference; lastKnownFileType = image.jpeg; path = NatGeo17.jpg; sourceTree = "<group>"; };
/* End PBXFileReference section */

/* Begin PBXFrameworksBuildPhase section */
		D95AA24D1BDA88E90080C25B /* Frameworks */ = {
			isa = PBXFrameworksBuildPhase;
			buildActionMask = 2147483647;
			files = (
				6898D8AA014A72881A5DB63F /* Pods_OuroborosExample.framework in Frameworks */,
			);
			runOnlyForDeploymentPostprocessing = 0;
		};
/* End PBXFrameworksBuildPhase section */

/* Begin PBXGroup section */
		0B4147E9CFA684FD605C2429 /* Frameworks */ = {
			isa = PBXGroup;
			children = (
				4CFFC46490C38B34852267AD /* Pods.framework */,
				80174D3F6E1919B6C93B0641 /* Pods_OuroborosExample.framework */,
			);
			name = Frameworks;
			sourceTree = "<group>";
		};
		AD3411C54322599D7572B6BB /* Pods */ = {
			isa = PBXGroup;
			children = (
				37EBDA81C7A629D4680F6BBE /* Pods-OuroborosExample.debug.xcconfig */,
				8B57792C24EE4908C5678647 /* Pods-OuroborosExample.release.xcconfig */,
			);
			name = Pods;
			sourceTree = "<group>";
		};
		D95AA2471BDA88E90080C25B = {
			isa = PBXGroup;
			children = (
				D95AA2521BDA88E90080C25B /* OuroborosExample */,
				D96197561BDAAE42006650E4 /* Images */,
				D95AA2511BDA88E90080C25B /* Products */,
				0B4147E9CFA684FD605C2429 /* Frameworks */,
				AD3411C54322599D7572B6BB /* Pods */,
			);
			sourceTree = "<group>";
		};
		D95AA2511BDA88E90080C25B /* Products */ = {
			isa = PBXGroup;
			children = (
				D95AA2501BDA88E90080C25B /* OuroborosExample.app */,
			);
			name = Products;
			sourceTree = "<group>";
		};
		D95AA2521BDA88E90080C25B /* OuroborosExample */ = {
			isa = PBXGroup;
			children = (
				D95AA2531BDA88E90080C25B /* AppDelegate.swift */,
				D95AA2551BDA88E90080C25B /* ViewController.swift */,
				D95AA2571BDA88E90080C25B /* Main.storyboard */,
				D95765241BE3B75D0063A6A1 /* SampleCell.xib */,
				D95AA25A1BDA88EA0080C25B /* Assets.xcassets */,
				D95AA25C1BDA88EA0080C25B /* Info.plist */,
			);
			path = OuroborosExample;
			sourceTree = "<group>";
		};
		D96197561BDAAE42006650E4 /* Images */ = {
			isa = PBXGroup;
			children = (
				D96197571BDAAE59006650E4 /* NatGeo01.jpg */,
				D96197581BDAAE59006650E4 /* NatGeo02.jpg */,
				D96197591BDAAE59006650E4 /* NatGeo03.jpg */,
				D961975A1BDAAE59006650E4 /* NatGeo04.jpg */,
				D961975B1BDAAE59006650E4 /* NatGeo05.jpg */,
				D961975C1BDAAE59006650E4 /* NatGeo06.jpg */,
				D961975D1BDAAE59006650E4 /* NatGeo07.jpg */,
				D961975E1BDAAE59006650E4 /* NatGeo08.jpg */,
				D961975F1BDAAE59006650E4 /* NatGeo09.jpg */,
				D96197601BDAAE59006650E4 /* NatGeo10.jpg */,
				D96197611BDAAE59006650E4 /* NatGeo11.jpg */,
				D96197621BDAAE59006650E4 /* NatGeo12.jpg */,
				D96197631BDAAE59006650E4 /* NatGeo13.jpg */,
				D96197641BDAAE59006650E4 /* NatGeo14.jpg */,
				D96197651BDAAE59006650E4 /* NatGeo15.jpg */,
				D96197661BDAAE59006650E4 /* NatGeo16.jpg */,
				D96197671BDAAE59006650E4 /* NatGeo17.jpg */,
			);
			name = Images;
			sourceTree = "<group>";
		};
/* End PBXGroup section */

/* Begin PBXNativeTarget section */
		D95AA24F1BDA88E90080C25B /* OuroborosExample */ = {
			isa = PBXNativeTarget;
			buildConfigurationList = D95AA25F1BDA88EA0080C25B /* Build configuration list for PBXNativeTarget "OuroborosExample" */;
			buildPhases = (
				1D5C3D2BDFED9194A3031EC5 /* [CP] Check Pods Manifest.lock */,
				D95AA24C1BDA88E90080C25B /* Sources */,
				D95AA24D1BDA88E90080C25B /* Frameworks */,
				D95AA24E1BDA88E90080C25B /* Resources */,
				205A67691261B208A6BE610C /* [CP] Embed Pods Frameworks */,
				44EF311D29579D2DA28E6BA5 /* [CP] Copy Pods Resources */,
			);
			buildRules = (
			);
			dependencies = (
			);
			name = OuroborosExample;
			productName = OuroborosExample;
			productReference = D95AA2501BDA88E90080C25B /* OuroborosExample.app */;
			productType = "com.apple.product-type.application";
		};
/* End PBXNativeTarget section */

/* Begin PBXProject section */
		D95AA2481BDA88E90080C25B /* Project object */ = {
			isa = PBXProject;
			attributes = {
				LastSwiftUpdateCheck = 0710;
				LastUpgradeCheck = 0820;
				ORGANIZATIONNAME = "WillowTree Apps";
				TargetAttributes = {
					D95AA24F1BDA88E90080C25B = {
						CreatedOnToolsVersion = 7.1;
						LastSwiftMigration = 0820;
					};
				};
			};
			buildConfigurationList = D95AA24B1BDA88E90080C25B /* Build configuration list for PBXProject "OuroborosExample" */;
			compatibilityVersion = "Xcode 3.2";
			developmentRegion = English;
			hasScannedForEncodings = 0;
			knownRegions = (
				en,
				Base,
			);
			mainGroup = D95AA2471BDA88E90080C25B;
			productRefGroup = D95AA2511BDA88E90080C25B /* Products */;
			projectDirPath = "";
			projectRoot = "";
			targets = (
				D95AA24F1BDA88E90080C25B /* OuroborosExample */,
			);
		};
/* End PBXProject section */

/* Begin PBXResourcesBuildPhase section */
		D95AA24E1BDA88E90080C25B /* Resources */ = {
			isa = PBXResourcesBuildPhase;
			buildActionMask = 2147483647;
			files = (
				D96197771BDAAE59006650E4 /* NatGeo16.jpg in Resources */,
				D96197731BDAAE59006650E4 /* NatGeo12.jpg in Resources */,
				D96197721BDAAE59006650E4 /* NatGeo11.jpg in Resources */,
				D96197701BDAAE59006650E4 /* NatGeo09.jpg in Resources */,
				D96197741BDAAE59006650E4 /* NatGeo13.jpg in Resources */,
				D95765261BE3B75D0063A6A1 /* SampleCell.xib in Resources */,
				D961976E1BDAAE59006650E4 /* NatGeo07.jpg in Resources */,
				D96197681BDAAE59006650E4 /* NatGeo01.jpg in Resources */,
				D961976C1BDAAE59006650E4 /* NatGeo05.jpg in Resources */,
				D961976F1BDAAE59006650E4 /* NatGeo08.jpg in Resources */,
				D95AA25B1BDA88EA0080C25B /* Assets.xcassets in Resources */,
				D96197761BDAAE59006650E4 /* NatGeo15.jpg in Resources */,
				D96197711BDAAE59006650E4 /* NatGeo10.jpg in Resources */,
				D95AA2591BDA88E90080C25B /* Main.storyboard in Resources */,
				D961976B1BDAAE59006650E4 /* NatGeo04.jpg in Resources */,
				D961976A1BDAAE59006650E4 /* NatGeo03.jpg in Resources */,
				D96197691BDAAE59006650E4 /* NatGeo02.jpg in Resources */,
				D96197781BDAAE59006650E4 /* NatGeo17.jpg in Resources */,
				D96197751BDAAE59006650E4 /* NatGeo14.jpg in Resources */,
				D961976D1BDAAE59006650E4 /* NatGeo06.jpg in Resources */,
			);
			runOnlyForDeploymentPostprocessing = 0;
		};
/* End PBXResourcesBuildPhase section */

/* Begin PBXShellScriptBuildPhase section */
		1D5C3D2BDFED9194A3031EC5 /* [CP] Check Pods Manifest.lock */ = {
			isa = PBXShellScriptBuildPhase;
			buildActionMask = 2147483647;
			files = (
			);
			inputPaths = (
			);
			name = "[CP] Check Pods Manifest.lock";
			outputPaths = (
			);
			runOnlyForDeploymentPostprocessing = 0;
			shellPath = /bin/sh;
			shellScript = "diff \"${PODS_ROOT}/../Podfile.lock\" \"${PODS_ROOT}/Manifest.lock\" > /dev/null\nif [ $? != 0 ] ; then\n    # print error to STDERR\n    echo \"error: The sandbox is not in sync with the Podfile.lock. Run 'pod install' or update your CocoaPods installation.\" >&2\n    exit 1\nfi\n";
			showEnvVarsInLog = 0;
		};
		205A67691261B208A6BE610C /* [CP] Embed Pods Frameworks */ = {
			isa = PBXShellScriptBuildPhase;
			buildActionMask = 2147483647;
			files = (
			);
			inputPaths = (
			);
			name = "[CP] Embed Pods Frameworks";
			outputPaths = (
			);
			runOnlyForDeploymentPostprocessing = 0;
			shellPath = /bin/sh;
			shellScript = "\"${SRCROOT}/Pods/Target Support Files/Pods-OuroborosExample/Pods-OuroborosExample-frameworks.sh\"\n";
			showEnvVarsInLog = 0;
		};
		44EF311D29579D2DA28E6BA5 /* [CP] Copy Pods Resources */ = {
			isa = PBXShellScriptBuildPhase;
			buildActionMask = 2147483647;
			files = (
			);
			inputPaths = (
			);
			name = "[CP] Copy Pods Resources";
			outputPaths = (
			);
			runOnlyForDeploymentPostprocessing = 0;
			shellPath = /bin/sh;
			shellScript = "\"${SRCROOT}/Pods/Target Support Files/Pods-OuroborosExample/Pods-OuroborosExample-resources.sh\"\n";
			showEnvVarsInLog = 0;
		};
/* End PBXShellScriptBuildPhase section */

/* Begin PBXSourcesBuildPhase section */
		D95AA24C1BDA88E90080C25B /* Sources */ = {
			isa = PBXSourcesBuildPhase;
			buildActionMask = 2147483647;
			files = (
				D95AA2561BDA88E90080C25B /* ViewController.swift in Sources */,
				D95AA2541BDA88E90080C25B /* AppDelegate.swift in Sources */,
			);
			runOnlyForDeploymentPostprocessing = 0;
		};
/* End PBXSourcesBuildPhase section */

/* Begin PBXVariantGroup section */
		D95765241BE3B75D0063A6A1 /* SampleCell.xib */ = {
			isa = PBXVariantGroup;
			children = (
				D95765251BE3B75D0063A6A1 /* Base */,
			);
			name = SampleCell.xib;
			sourceTree = "<group>";
		};
		D95AA2571BDA88E90080C25B /* Main.storyboard */ = {
			isa = PBXVariantGroup;
			children = (
				D95AA2581BDA88E90080C25B /* Base */,
			);
			name = Main.storyboard;
			sourceTree = "<group>";
		};
/* End PBXVariantGroup section */

/* Begin XCBuildConfiguration section */
		D95AA25D1BDA88EA0080C25B /* Debug */ = {
			isa = XCBuildConfiguration;
			buildSettings = {
				ALWAYS_SEARCH_USER_PATHS = NO;
				CLANG_CXX_LANGUAGE_STANDARD = "gnu++0x";
				CLANG_CXX_LIBRARY = "libc++";
				CLANG_ENABLE_MODULES = YES;
				CLANG_ENABLE_OBJC_ARC = YES;
				CLANG_WARN_BOOL_CONVERSION = YES;
				CLANG_WARN_CONSTANT_CONVERSION = YES;
				CLANG_WARN_DIRECT_OBJC_ISA_USAGE = YES_ERROR;
				CLANG_WARN_EMPTY_BODY = YES;
				CLANG_WARN_ENUM_CONVERSION = YES;
				CLANG_WARN_INFINITE_RECURSION = YES;
				CLANG_WARN_INT_CONVERSION = YES;
				CLANG_WARN_OBJC_ROOT_CLASS = YES_ERROR;
				CLANG_WARN_SUSPICIOUS_MOVE = YES;
				CLANG_WARN_UNREACHABLE_CODE = YES;
				CLANG_WARN__DUPLICATE_METHOD_MATCH = YES;
				COPY_PHASE_STRIP = NO;
				DEBUG_INFORMATION_FORMAT = dwarf;
				ENABLE_STRICT_OBJC_MSGSEND = YES;
				ENABLE_TESTABILITY = YES;
				GCC_C_LANGUAGE_STANDARD = gnu99;
				GCC_DYNAMIC_NO_PIC = NO;
				GCC_NO_COMMON_BLOCKS = YES;
				GCC_OPTIMIZATION_LEVEL = 0;
				GCC_PREPROCESSOR_DEFINITIONS = (
					"DEBUG=1",
					"$(inherited)",
				);
				GCC_WARN_64_TO_32_BIT_CONVERSION = YES;
				GCC_WARN_ABOUT_RETURN_TYPE = YES_ERROR;
				GCC_WARN_UNDECLARED_SELECTOR = YES;
				GCC_WARN_UNINITIALIZED_AUTOS = YES_AGGRESSIVE;
				GCC_WARN_UNUSED_FUNCTION = YES;
				GCC_WARN_UNUSED_VARIABLE = YES;
				MTL_ENABLE_DEBUG_INFO = YES;
				ONLY_ACTIVE_ARCH = YES;
				SDKROOT = appletvos;
				SWIFT_OPTIMIZATION_LEVEL = "-Onone";
				TARGETED_DEVICE_FAMILY = 3;
				TVOS_DEPLOYMENT_TARGET = 9.0;
			};
			name = Debug;
		};
		D95AA25E1BDA88EA0080C25B /* Release */ = {
			isa = XCBuildConfiguration;
			buildSettings = {
				ALWAYS_SEARCH_USER_PATHS = NO;
				CLANG_CXX_LANGUAGE_STANDARD = "gnu++0x";
				CLANG_CXX_LIBRARY = "libc++";
				CLANG_ENABLE_MODULES = YES;
				CLANG_ENABLE_OBJC_ARC = YES;
				CLANG_WARN_BOOL_CONVERSION = YES;
				CLANG_WARN_CONSTANT_CONVERSION = YES;
				CLANG_WARN_DIRECT_OBJC_ISA_USAGE = YES_ERROR;
				CLANG_WARN_EMPTY_BODY = YES;
				CLANG_WARN_ENUM_CONVERSION = YES;
				CLANG_WARN_INFINITE_RECURSION = YES;
				CLANG_WARN_INT_CONVERSION = YES;
				CLANG_WARN_OBJC_ROOT_CLASS = YES_ERROR;
				CLANG_WARN_SUSPICIOUS_MOVE = YES;
				CLANG_WARN_UNREACHABLE_CODE = YES;
				CLANG_WARN__DUPLICATE_METHOD_MATCH = YES;
				COPY_PHASE_STRIP = NO;
				DEBUG_INFORMATION_FORMAT = "dwarf-with-dsym";
				ENABLE_NS_ASSERTIONS = NO;
				ENABLE_STRICT_OBJC_MSGSEND = YES;
				GCC_C_LANGUAGE_STANDARD = gnu99;
				GCC_NO_COMMON_BLOCKS = YES;
				GCC_WARN_64_TO_32_BIT_CONVERSION = YES;
				GCC_WARN_ABOUT_RETURN_TYPE = YES_ERROR;
				GCC_WARN_UNDECLARED_SELECTOR = YES;
				GCC_WARN_UNINITIALIZED_AUTOS = YES_AGGRESSIVE;
				GCC_WARN_UNUSED_FUNCTION = YES;
				GCC_WARN_UNUSED_VARIABLE = YES;
				MTL_ENABLE_DEBUG_INFO = NO;
				SDKROOT = appletvos;
				SWIFT_OPTIMIZATION_LEVEL = "-Owholemodule";
				TARGETED_DEVICE_FAMILY = 3;
				TVOS_DEPLOYMENT_TARGET = 9.0;
				VALIDATE_PRODUCT = YES;
			};
			name = Release;
		};
		D95AA2601BDA88EA0080C25B /* Debug */ = {
			isa = XCBuildConfiguration;
			baseConfigurationReference = 37EBDA81C7A629D4680F6BBE /* Pods-OuroborosExample.debug.xcconfig */;
			buildSettings = {
				ASSETCATALOG_COMPILER_APPICON_NAME = "App Icon & Top Shelf Image";
				ASSETCATALOG_COMPILER_LAUNCHIMAGE_NAME = LaunchImage;
				DEVELOPMENT_TEAM = "";
				INFOPLIST_FILE = OuroborosExample/Info.plist;
				LD_RUNPATH_SEARCH_PATHS = "$(inherited) @executable_path/Frameworks";
				PRODUCT_BUNDLE_IDENTIFIER = com.willowtreeapps.OuroborosExample;
				PRODUCT_NAME = "$(TARGET_NAME)";
				SWIFT_VERSION = 3.0;
			};
			name = Debug;
		};
		D95AA2611BDA88EA0080C25B /* Release */ = {
			isa = XCBuildConfiguration;
			baseConfigurationReference = 8B57792C24EE4908C5678647 /* Pods-OuroborosExample.release.xcconfig */;
			buildSettings = {
				ASSETCATALOG_COMPILER_APPICON_NAME = "App Icon & Top Shelf Image";
				ASSETCATALOG_COMPILER_LAUNCHIMAGE_NAME = LaunchImage;
				DEVELOPMENT_TEAM = "";
				INFOPLIST_FILE = OuroborosExample/Info.plist;
				LD_RUNPATH_SEARCH_PATHS = "$(inherited) @executable_path/Frameworks";
				PRODUCT_BUNDLE_IDENTIFIER = com.willowtreeapps.OuroborosExample;
				PRODUCT_NAME = "$(TARGET_NAME)";
				SWIFT_VERSION = 3.0;
			};
			name = Release;
		};
/* End XCBuildConfiguration section */

/* Begin XCConfigurationList section */
		D95AA24B1BDA88E90080C25B /* Build configuration list for PBXProject "OuroborosExample" */ = {
			isa = XCConfigurationList;
			buildConfigurations = (
				D95AA25D1BDA88EA0080C25B /* Debug */,
				D95AA25E1BDA88EA0080C25B /* Release */,
			);
			defaultConfigurationIsVisible = 0;
			defaultConfigurationName = Release;
		};
		D95AA25F1BDA88EA0080C25B /* Build configuration list for PBXNativeTarget "OuroborosExample" */ = {
			isa = XCConfigurationList;
			buildConfigurations = (
				D95AA2601BDA88EA0080C25B /* Debug */,
				D95AA2611BDA88EA0080C25B /* Release */,
			);
			defaultConfigurationIsVisible = 0;
			defaultConfigurationName = Release;
		};
/* End XCConfigurationList section */
	};
	rootObject = D95AA2481BDA88E90080C25B /* Project object */;
}
